
Microsoft Visual Studio Solution File, Format Version 12.00
# Visual Studio Version 17
VisualStudioVersion = 17.14.36212.18 d17.14
MinimumVisualStudioVersion = 10.0.40219.1
Project("{FAE04EC0-301F-11D3-BF4B-00C04F79EFBC}") = "ConsoleApp1", "ConsoleApp1\ConsoleApp1.csproj", "{FB01FF46-B133-400F-9C74-1B33D3A3A5C0}"
EndProject
Global
	GlobalSection(SolutionConfigurationPlatforms) = preSolution
		Debug|Any CPU = Debug|Any CPU
		Release|Any CPU = Release|Any CPU
	EndGlobalSection
	GlobalSection(ProjectConfigurationPlatforms) = postSolution
		{FB01FF46-B133-400F-9C74-1B33D3A3A5C0}.Debug|Any CPU.ActiveCfg = Debug|Any CPU
		{FB01FF46-B133-400F-9C74-1B33D3A3A5C0}.Debug|Any CPU.Build.0 = Debug|Any CPU
		{FB01FF46-B133-400F-9C74-1B33D3A3A5C0}.Release|Any CPU.ActiveCfg = Release|Any CPU
		{FB01FF46-B133-400F-9C74-1B33D3A3A5C0}.Release|Any CPU.Build.0 = Release|Any CPU
	EndGlobalSection
	GlobalSection(SolutionProperties) = preSolution
		HideSolutionNode = FALSE
	EndGlobalSection
	GlobalSection(ExtensibilityGlobals) = postSolution
		SolutionGuid = {FC79751E-5220-4588-BD03-4CEDB8365CB3}
	EndGlobalSection
EndGlobal
